
Microsoft Visual Studio Solution File, Format Version 11.00
# Visual Studio 2010
Project("{FAE04EC0-301F-11D3-BF4B-00C04F79EFBC}") = "Craberoid-3.0", "Assembly-CSharp-firstpass.csproj", "{D00E32F3-AE51-DCB6-72DA-9488261FBA1F}"
EndProject
Project("{FAE04EC0-301F-11D3-BF4B-00C04F79EFBC}") = "Craberoid-3.0", "Assembly-CSharp.csproj", "{28980190-0F6E-6AFD-E110-307BC213881A}"
EndProject
Project("{FAE04EC0-301F-11D3-BF4B-00C04F79EFBC}") = "Craberoid-3.0", "Assembly-CSharp-Editor-firstpass.csproj", "{4A35A8F0-4F46-875D-7266-586353C226E3}"
EndProject
Global
	GlobalSection(SolutionConfigurationPlatforms) = preSolution
		Debug|Any CPU = Debug|Any CPU
		Release|Any CPU = Release|Any CPU
	EndGlobalSection
	GlobalSection(ProjectConfigurationPlatforms) = postSolution
		{D00E32F3-AE51-DCB6-72DA-9488261FBA1F}.Debug|Any CPU.ActiveCfg = Debug|Any CPU
		{D00E32F3-AE51-DCB6-72DA-9488261FBA1F}.Debug|Any CPU.Build.0 = Debug|Any CPU
		{D00E32F3-AE51-DCB6-72DA-9488261FBA1F}.Release|Any CPU.ActiveCfg = Release|Any CPU
		{D00E32F3-AE51-DCB6-72DA-9488261FBA1F}.Release|Any CPU.Build.0 = Release|Any CPU
		{28980190-0F6E-6AFD-E110-307BC213881A}.Debug|Any CPU.ActiveCfg = Debug|Any CPU
		{28980190-0F6E-6AFD-E110-307BC213881A}.Debug|Any CPU.Build.0 = Debug|Any CPU
		{28980190-0F6E-6AFD-E110-307BC213881A}.Release|Any CPU.ActiveCfg = Release|Any CPU
		{28980190-0F6E-6AFD-E110-307BC213881A}.Release|Any CPU.Build.0 = Release|Any CPU
		{4A35A8F0-4F46-875D-7266-586353C226E3}.Debug|Any CPU.ActiveCfg = Debug|Any CPU
		{4A35A8F0-4F46-875D-7266-586353C226E3}.Debug|Any CPU.Build.0 = Debug|Any CPU
		{4A35A8F0-4F46-875D-7266-586353C226E3}.Release|Any CPU.ActiveCfg = Release|Any CPU
		{4A35A8F0-4F46-875D-7266-586353C226E3}.Release|Any CPU.Build.0 = Release|Any CPU
	EndGlobalSection
	GlobalSection(SolutionProperties) = preSolution
		HideSolutionNode = FALSE
	EndGlobalSection
	GlobalSection(MonoDevelopProperties) = preSolution
		StartupItem = Assembly-CSharp.csproj
	EndGlobalSection
EndGlobal
