Microsoft Visual Studio Solution File, Format Version 11.00
# Visual Studio 2010
Project("{FAE04EC0-301F-11D3-BF4B-00C04F79EFBC}") = "Assembly-CSharp-firstpass", "Assembly-CSharp-firstpass.csproj", "{CC7884F1-AC39-2FA7-2E3A-D3B53E8C5716}"
EndProject
Project("{FAE04EC0-301F-11D3-BF4B-00C04F79EFBC}") = "Assembly-CSharp", "Assembly-CSharp.csproj", "{74B51B3A-6AAA-1AF3-ED16-65ED8496CD7E}"
EndProject
Project("{FAE04EC0-301F-11D3-BF4B-00C04F79EFBC}") = "Assembly-CSharp-Editor-firstpass", "Assembly-CSharp-Editor-firstpass.csproj", "{B4CB28FC-1535-8E65-A6F7-7D8CE1E32B26}"
EndProject
Global
	GlobalSection(SolutionConfigurationPlatforms) = preSolution
		Debug|Any CPU = Debug|Any CPU
		Release|Any CPU = Release|Any CPU
	EndGlobalSection
	GlobalSection(ProjectConfigurationPlatforms) = postSolution
		{CC7884F1-AC39-2FA7-2E3A-D3B53E8C5716}.Debug|Any CPU.ActiveCfg = Debug|Any CPU
		{CC7884F1-AC39-2FA7-2E3A-D3B53E8C5716}.Debug|Any CPU.Build.0 = Debug|Any CPU
		{CC7884F1-AC39-2FA7-2E3A-D3B53E8C5716}.Release|Any CPU.ActiveCfg = Release|Any CPU
		{CC7884F1-AC39-2FA7-2E3A-D3B53E8C5716}.Release|Any CPU.Build.0 = Release|Any CPU
		{74B51B3A-6AAA-1AF3-ED16-65ED8496CD7E}.Debug|Any CPU.ActiveCfg = Debug|Any CPU
		{74B51B3A-6AAA-1AF3-ED16-65ED8496CD7E}.Debug|Any CPU.Build.0 = Debug|Any CPU
		{74B51B3A-6AAA-1AF3-ED16-65ED8496CD7E}.Release|Any CPU.ActiveCfg = Release|Any CPU
		{74B51B3A-6AAA-1AF3-ED16-65ED8496CD7E}.Release|Any CPU.Build.0 = Release|Any CPU
		{B4CB28FC-1535-8E65-A6F7-7D8CE1E32B26}.Debug|Any CPU.ActiveCfg = Debug|Any CPU
		{B4CB28FC-1535-8E65-A6F7-7D8CE1E32B26}.Debug|Any CPU.Build.0 = Debug|Any CPU
		{B4CB28FC-1535-8E65-A6F7-7D8CE1E32B26}.Release|Any CPU.ActiveCfg = Release|Any CPU
		{B4CB28FC-1535-8E65-A6F7-7D8CE1E32B26}.Release|Any CPU.Build.0 = Release|Any CPU
	EndGlobalSection
	GlobalSection(SolutionProperties) = preSolution
		HideSolutionNode = FALSE
	EndGlobalSection
	GlobalSection(MonoDevelopProperties) = preSolution
		StartupItem = Assembly-CSharp.csproj
	EndGlobalSection
EndGlobal
